
Microsoft Visual Studio Solution File, Format Version 12.00
# Visual Studio Version 16
VisualStudioVersion = 16.0.29306.81
MinimumVisualStudioVersion = 10.0.40219.1
Project("{FAE04EC0-301F-11D3-BF4B-00C04F79EFBC}") = "ND.MTI.Gonio.Forms", "ND.MTI.Gonio.Forms\ND.MTI.Gonio.Forms.csproj", "{969DF68B-4448-4AD9-B4C7-5722863D6C5B}"
EndProject
Project("{FAE04EC0-301F-11D3-BF4B-00C04F79EFBC}") = "ND.MTI.Gonio.Common", "ND.MTI.Gonio.Common\ND.MTI.Gonio.Common.csproj", "{6F4372BF-D624-49E1-B06F-DD198345804B}"
EndProject
Project("{FAE04EC0-301F-11D3-BF4B-00C04F79EFBC}") = "ND.MTI.Gonio.Model", "ND.MTI.Gonio.Model\ND.MTI.Gonio.Model.csproj", "{680927AC-E6E3-47F1-8DA7-B8457DDAB8D9}"
EndProject
Project("{FAE04EC0-301F-11D3-BF4B-00C04F79EFBC}") = "ND.MTI.Gonio.Service", "ND.MTI.Gonio.Service\ND.MTI.Gonio.Service.csproj", "{612EEEC8-DD6F-4812-8965-96390D059BD5}"
EndProject
Project("{2150E333-8FDC-42A3-9474-1A3956D46DE8}") = "Solution Items", "Solution Items", "{1FE7D508-D008-48C4-A75E-1088D2A66E6F}"
	ProjectSection(SolutionItems) = preProject
		.editorconfig = .editorconfig
		devnotes.txt = devnotes.txt
		PoKeys57U_Pinout.txt = PoKeys57U_Pinout.txt
		external\PoKeysDevice_DLL.dll = external\PoKeysDevice_DLL.dll
		external\PoKeysDevice_DLL.tlb = external\PoKeysDevice_DLL.tlb
		external\PoKeysDevice_DLL.XML = external\PoKeysDevice_DLL.XML
	EndProjectSection
EndProject
Project("{2150E333-8FDC-42A3-9474-1A3956D46DE8}") = "Tools", "Tools", "{F5B6EE97-2290-42E8-A704-E518E6F4C3AE}"
EndProject
Project("{FAE04EC0-301F-11D3-BF4B-00C04F79EFBC}") = "ND.MTI.Gonio.RawPosition", "tools\ND.MTI.Gonio.RawPosition\ND.MTI.Gonio.RawPosition.csproj", "{9559C4CE-7A5D-40A6-99FB-8B5C992D8BF3}"
EndProject
Project("{FAE04EC0-301F-11D3-BF4B-00C04F79EFBC}") = "ND.MTI.Gonio.RouteGenerator", "tools\ND.MTI.Gonio.RouteGenerator\ND.MTI.Gonio.RouteGenerator.csproj", "{7A2BB03C-EF4B-431C-8FF5-8EBAB6BD9BCF}"
EndProject
Project("{2150E333-8FDC-42A3-9474-1A3956D46DE8}") = "readme", "readme", "{E83EF18F-1A2C-4F01-9A9A-73155108D483}"
	ProjectSection(SolutionItems) = preProject
		README_EN.txt = README_EN.txt
		README_HU.txt = README_HU.txt
	EndProjectSection
EndProject
Project("{FAE04EC0-301F-11D3-BF4B-00C04F79EFBC}") = "ND.MTI.Gonio.SpeedTest", "ND.MTI.Gonio.SpeedTest\ND.MTI.Gonio.SpeedTest.csproj", "{8C20999E-E3AB-4D51-BD4F-166D32716952}"
EndProject
Project("{FAE04EC0-301F-11D3-BF4B-00C04F79EFBC}") = "ND.MTI.Gonio.Notifier", "ND.MTI.Gonio.Notifier\ND.MTI.Gonio.Notifier.csproj", "{EE2C3675-C018-4FD5-B85D-7DA373F17920}"
EndProject
Project("{2150E333-8FDC-42A3-9474-1A3956D46DE8}") = "assets", "assets", "{25D0A242-A41D-4A5E-AB1D-898DD3C04FE9}"
	ProjectSection(SolutionItems) = preProject
		external\assets\finishloader.gif = external\assets\finishloader.gif
		external\assets\gonioapp.ico = external\assets\gonioapp.ico
		external\assets\helpicon16.png = external\assets\helpicon16.png
		external\assets\rawposition.ico = external\assets\rawposition.ico
		external\assets\routegenerator.ico = external\assets\routegenerator.ico
		external\assets\speedtest.ico = external\assets\speedtest.ico
	EndProjectSection
EndProject
Project("{FAE04EC0-301F-11D3-BF4B-00C04F79EFBC}") = "ND.MTI.GONIO.CLI", "ND.MTI.GONIO.CLI\ND.MTI.GONIO.CLI.csproj", "{3071F300-11EA-4AAF-A848-D6434089D63E}"
EndProject
Global
	GlobalSection(SolutionConfigurationPlatforms) = preSolution
		Debug|Any CPU = Debug|Any CPU
		Release|Any CPU = Release|Any CPU
	EndGlobalSection
	GlobalSection(ProjectConfigurationPlatforms) = postSolution
		{969DF68B-4448-4AD9-B4C7-5722863D6C5B}.Debug|Any CPU.ActiveCfg = Debug|Any CPU
		{969DF68B-4448-4AD9-B4C7-5722863D6C5B}.Debug|Any CPU.Build.0 = Debug|Any CPU
		{969DF68B-4448-4AD9-B4C7-5722863D6C5B}.Release|Any CPU.ActiveCfg = Release|Any CPU
		{969DF68B-4448-4AD9-B4C7-5722863D6C5B}.Release|Any CPU.Build.0 = Release|Any CPU
		{6F4372BF-D624-49E1-B06F-DD198345804B}.Debug|Any CPU.ActiveCfg = Debug|Any CPU
		{6F4372BF-D624-49E1-B06F-DD198345804B}.Debug|Any CPU.Build.0 = Debug|Any CPU
		{6F4372BF-D624-49E1-B06F-DD198345804B}.Release|Any CPU.ActiveCfg = Release|Any CPU
		{6F4372BF-D624-49E1-B06F-DD198345804B}.Release|Any CPU.Build.0 = Release|Any CPU
		{680927AC-E6E3-47F1-8DA7-B8457DDAB8D9}.Debug|Any CPU.ActiveCfg = Debug|Any CPU
		{680927AC-E6E3-47F1-8DA7-B8457DDAB8D9}.Debug|Any CPU.Build.0 = Debug|Any CPU
		{680927AC-E6E3-47F1-8DA7-B8457DDAB8D9}.Release|Any CPU.ActiveCfg = Release|Any CPU
		{680927AC-E6E3-47F1-8DA7-B8457DDAB8D9}.Release|Any CPU.Build.0 = Release|Any CPU
		{612EEEC8-DD6F-4812-8965-96390D059BD5}.Debug|Any CPU.ActiveCfg = Debug|Any CPU
		{612EEEC8-DD6F-4812-8965-96390D059BD5}.Debug|Any CPU.Build.0 = Debug|Any CPU
		{612EEEC8-DD6F-4812-8965-96390D059BD5}.Release|Any CPU.ActiveCfg = Release|Any CPU
		{612EEEC8-DD6F-4812-8965-96390D059BD5}.Release|Any CPU.Build.0 = Release|Any CPU
		{9559C4CE-7A5D-40A6-99FB-8B5C992D8BF3}.Debug|Any CPU.ActiveCfg = Debug|Any CPU
		{9559C4CE-7A5D-40A6-99FB-8B5C992D8BF3}.Debug|Any CPU.Build.0 = Debug|Any CPU
		{9559C4CE-7A5D-40A6-99FB-8B5C992D8BF3}.Release|Any CPU.ActiveCfg = Release|Any CPU
		{9559C4CE-7A5D-40A6-99FB-8B5C992D8BF3}.Release|Any CPU.Build.0 = Release|Any CPU
		{7A2BB03C-EF4B-431C-8FF5-8EBAB6BD9BCF}.Debug|Any CPU.ActiveCfg = Debug|Any CPU
		{7A2BB03C-EF4B-431C-8FF5-8EBAB6BD9BCF}.Debug|Any CPU.Build.0 = Debug|Any CPU
		{7A2BB03C-EF4B-431C-8FF5-8EBAB6BD9BCF}.Release|Any CPU.ActiveCfg = Release|Any CPU
		{7A2BB03C-EF4B-431C-8FF5-8EBAB6BD9BCF}.Release|Any CPU.Build.0 = Release|Any CPU
		{8C20999E-E3AB-4D51-BD4F-166D32716952}.Debug|Any CPU.ActiveCfg = Debug|Any CPU
		{8C20999E-E3AB-4D51-BD4F-166D32716952}.Debug|Any CPU.Build.0 = Debug|Any CPU
		{8C20999E-E3AB-4D51-BD4F-166D32716952}.Release|Any CPU.ActiveCfg = Release|Any CPU
		{8C20999E-E3AB-4D51-BD4F-166D32716952}.Release|Any CPU.Build.0 = Release|Any CPU
		{EE2C3675-C018-4FD5-B85D-7DA373F17920}.Debug|Any CPU.ActiveCfg = Debug|Any CPU
		{EE2C3675-C018-4FD5-B85D-7DA373F17920}.Debug|Any CPU.Build.0 = Debug|Any CPU
		{EE2C3675-C018-4FD5-B85D-7DA373F17920}.Release|Any CPU.ActiveCfg = Release|Any CPU
		{EE2C3675-C018-4FD5-B85D-7DA373F17920}.Release|Any CPU.Build.0 = Release|Any CPU
		{3071F300-11EA-4AAF-A848-D6434089D63E}.Debug|Any CPU.ActiveCfg = Debug|Any CPU
		{3071F300-11EA-4AAF-A848-D6434089D63E}.Debug|Any CPU.Build.0 = Debug|Any CPU
		{3071F300-11EA-4AAF-A848-D6434089D63E}.Release|Any CPU.ActiveCfg = Release|Any CPU
		{3071F300-11EA-4AAF-A848-D6434089D63E}.Release|Any CPU.Build.0 = Release|Any CPU
	EndGlobalSection
	GlobalSection(SolutionProperties) = preSolution
		HideSolutionNode = FALSE
	EndGlobalSection
	GlobalSection(NestedProjects) = preSolution
		{9559C4CE-7A5D-40A6-99FB-8B5C992D8BF3} = {F5B6EE97-2290-42E8-A704-E518E6F4C3AE}
		{7A2BB03C-EF4B-431C-8FF5-8EBAB6BD9BCF} = {F5B6EE97-2290-42E8-A704-E518E6F4C3AE}
		{E83EF18F-1A2C-4F01-9A9A-73155108D483} = {1FE7D508-D008-48C4-A75E-1088D2A66E6F}
		{8C20999E-E3AB-4D51-BD4F-166D32716952} = {F5B6EE97-2290-42E8-A704-E518E6F4C3AE}
		{25D0A242-A41D-4A5E-AB1D-898DD3C04FE9} = {1FE7D508-D008-48C4-A75E-1088D2A66E6F}
		{3071F300-11EA-4AAF-A848-D6434089D63E} = {F5B6EE97-2290-42E8-A704-E518E6F4C3AE}
	EndGlobalSection
	GlobalSection(ExtensibilityGlobals) = postSolution
		SolutionGuid = {D7521CD1-B974-4102-BF23-A1A7539ADF02}
	EndGlobalSection
EndGlobal
